// !$*UTF8*$!
{
	archiveVersion = 1;
	classes = {
	};
	objectVersion = 46;
	objects = {

/* Begin PBXBuildFile section */
		8D5274801E42CC9B00007A6D /* tableViewCell.swift in Sources */ = {isa = PBXBuildFile; fileRef = 8D52747F1E42CC9B00007A6D /* tableViewCell.swift */; };
		8D67B9901E2D6C5E0081F608 /* AppDelegate.swift in Sources */ = {isa = PBXBuildFile; fileRef = 8D67B98F1E2D6C5E0081F608 /* AppDelegate.swift */; };
		8D67B9921E2D6C5E0081F608 /* ViewController.swift in Sources */ = {isa = PBXBuildFile; fileRef = 8D67B9911E2D6C5E0081F608 /* ViewController.swift */; };
		8D67B9951E2D6C5E0081F608 /* Main.storyboard in Resources */ = {isa = PBXBuildFile; fileRef = 8D67B9931E2D6C5E0081F608 /* Main.storyboard */; };
		8D67B9981E2D6C5E0081F608 /* RestaurantIS.xcdatamodeld in Sources */ = {isa = PBXBuildFile; fileRef = 8D67B9961E2D6C5E0081F608 /* RestaurantIS.xcdatamodeld */; };
		8D67B99A1E2D6C5E0081F608 /* Assets.xcassets in Resources */ = {isa = PBXBuildFile; fileRef = 8D67B9991E2D6C5E0081F608 /* Assets.xcassets */; };
		8D67B99D1E2D6C5E0081F608 /* LaunchScreen.storyboard in Resources */ = {isa = PBXBuildFile; fileRef = 8D67B99B1E2D6C5E0081F608 /* LaunchScreen.storyboard */; };
		8D67B9A51E2EA62D0081F608 /* RestaurantViewController.swift in Sources */ = {isa = PBXBuildFile; fileRef = 8D67B9A41E2EA62D0081F608 /* RestaurantViewController.swift */; };
		8D67B9A71E2EA6AB0081F608 /* RestaurantView.swift in Sources */ = {isa = PBXBuildFile; fileRef = 8D67B9A61E2EA6AB0081F608 /* RestaurantView.swift */; };
/* End PBXBuildFile section */

/* Begin PBXFileReference section */
		8D52747F1E42CC9B00007A6D /* tableViewCell.swift */ = {isa = PBXFileReference; fileEncoding = 4; lastKnownFileType = sourcecode.swift; path = tableViewCell.swift; sourceTree = "<group>"; };
		8D67B98C1E2D6C5E0081F608 /* RestaurantIS.app */ = {isa = PBXFileReference; explicitFileType = wrapper.application; includeInIndex = 0; path = RestaurantIS.app; sourceTree = BUILT_PRODUCTS_DIR; };
		8D67B98F1E2D6C5E0081F608 /* AppDelegate.swift */ = {isa = PBXFileReference; lastKnownFileType = sourcecode.swift; path = AppDelegate.swift; sourceTree = "<group>"; };
		8D67B9911E2D6C5E0081F608 /* ViewController.swift */ = {isa = PBXFileReference; lastKnownFileType = sourcecode.swift; path = ViewController.swift; sourceTree = "<group>"; };
		8D67B9941E2D6C5E0081F608 /* Base */ = {isa = PBXFileReference; lastKnownFileType = file.storyboard; name = Base; path = Base.lproj/Main.storyboard; sourceTree = "<group>"; };
		8D67B9971E2D6C5E0081F608 /* RestaurantIS.xcdatamodel */ = {isa = PBXFileReference; lastKnownFileType = wrapper.xcdatamodel; path = RestaurantIS.xcdatamodel; sourceTree = "<group>"; };
		8D67B9991E2D6C5E0081F608 /* Assets.xcassets */ = {isa = PBXFileReference; lastKnownFileType = folder.assetcatalog; path = Assets.xcassets; sourceTree = "<group>"; };
		8D67B99C1E2D6C5E0081F608 /* Base */ = {isa = PBXFileReference; lastKnownFileType = file.storyboard; name = Base; path = Base.lproj/LaunchScreen.storyboard; sourceTree = "<group>"; };
		8D67B99E1E2D6C5E0081F608 /* Info.plist */ = {isa = PBXFileReference; lastKnownFileType = text.plist.xml; path = Info.plist; sourceTree = "<group>"; };
		8D67B9A41E2EA62D0081F608 /* RestaurantViewController.swift */ = {isa = PBXFileReference; fileEncoding = 4; lastKnownFileType = sourcecode.swift; path = RestaurantViewController.swift; sourceTree = "<group>"; };
		8D67B9A61E2EA6AB0081F608 /* RestaurantView.swift */ = {isa = PBXFileReference; fileEncoding = 4; lastKnownFileType = sourcecode.swift; path = RestaurantView.swift; sourceTree = "<group>"; };
/* End PBXFileReference section */

/* Begin PBXFrameworksBuildPhase section */
		8D67B9891E2D6C5E0081F608 /* Frameworks */ = {
			isa = PBXFrameworksBuildPhase;
			buildActionMask = 2147483647;
			files = (
			);
			runOnlyForDeploymentPostprocessing = 0;
		};
/* End PBXFrameworksBuildPhase section */

/* Begin PBXGroup section */
		8D67B9831E2D6C5E0081F608 = {
			isa = PBXGroup;
			children = (
				8D67B98E1E2D6C5E0081F608 /* RestaurantIS */,
				8D67B98D1E2D6C5E0081F608 /* Products */,
			);
			sourceTree = "<group>";
		};
		8D67B98D1E2D6C5E0081F608 /* Products */ = {
			isa = PBXGroup;
			children = (
				8D67B98C1E2D6C5E0081F608 /* RestaurantIS.app */,
			);
			name = Products;
			sourceTree = "<group>";
		};
		8D67B98E1E2D6C5E0081F608 /* RestaurantIS */ = {
			isa = PBXGroup;
			children = (
				8D67B98F1E2D6C5E0081F608 /* AppDelegate.swift */,
				8D67B9911E2D6C5E0081F608 /* ViewController.swift */,
				8D52747F1E42CC9B00007A6D /* tableViewCell.swift */,
				8D67B9931E2D6C5E0081F608 /* Main.storyboard */,
				8D67B9A41E2EA62D0081F608 /* RestaurantViewController.swift */,
				8D67B9A61E2EA6AB0081F608 /* RestaurantView.swift */,
				8D67B9991E2D6C5E0081F608 /* Assets.xcassets */,
				8D67B99B1E2D6C5E0081F608 /* LaunchScreen.storyboard */,
				8D67B99E1E2D6C5E0081F608 /* Info.plist */,
				8D67B9961E2D6C5E0081F608 /* RestaurantIS.xcdatamodeld */,
			);
			path = RestaurantIS;
			sourceTree = "<group>";
		};
/* End PBXGroup section */

/* Begin PBXNativeTarget section */
		8D67B98B1E2D6C5E0081F608 /* RestaurantIS */ = {
			isa = PBXNativeTarget;
			buildConfigurationList = 8D67B9A11E2D6C5E0081F608 /* Build configuration list for PBXNativeTarget "RestaurantIS" */;
			buildPhases = (
				8D67B9881E2D6C5E0081F608 /* Sources */,
				8D67B9891E2D6C5E0081F608 /* Frameworks */,
				8D67B98A1E2D6C5E0081F608 /* Resources */,
			);
			buildRules = (
			);
			dependencies = (
			);
			name = RestaurantIS;
			productName = RestaurantIS;
			productReference = 8D67B98C1E2D6C5E0081F608 /* RestaurantIS.app */;
			productType = "com.apple.product-type.application";
		};
/* End PBXNativeTarget section */

/* Begin PBXProject section */
		8D67B9841E2D6C5E0081F608 /* Project object */ = {
			isa = PBXProject;
			attributes = {
				LastSwiftUpdateCheck = 0820;
				LastUpgradeCheck = 0820;
				ORGANIZATIONNAME = chapin;
				TargetAttributes = {
					8D67B98B1E2D6C5E0081F608 = {
						CreatedOnToolsVersion = 8.2.1;
						DevelopmentTeam = 9Y3JG6236H;
						ProvisioningStyle = Automatic;
					};
				};
			};
			buildConfigurationList = 8D67B9871E2D6C5E0081F608 /* Build configuration list for PBXProject "RestaurantIS" */;
			compatibilityVersion = "Xcode 3.2";
			developmentRegion = English;
			hasScannedForEncodings = 0;
			knownRegions = (
				en,
				Base,
			);
			mainGroup = 8D67B9831E2D6C5E0081F608;
			productRefGroup = 8D67B98D1E2D6C5E0081F608 /* Products */;
			projectDirPath = "";
			projectRoot = "";
			targets = (
				8D67B98B1E2D6C5E0081F608 /* RestaurantIS */,
			);
		};
/* End PBXProject section */

/* Begin PBXResourcesBuildPhase section */
		8D67B98A1E2D6C5E0081F608 /* Resources */ = {
			isa = PBXResourcesBuildPhase;
			buildActionMask = 2147483647;
			files = (
				8D67B99D1E2D6C5E0081F608 /* LaunchScreen.storyboard in Resources */,
				8D67B99A1E2D6C5E0081F608 /* Assets.xcassets in Resources */,
				8D67B9951E2D6C5E0081F608 /* Main.storyboard in Resources */,
			);
			runOnlyForDeploymentPostprocessing = 0;
		};
/* End PBXResourcesBuildPhase section */

/* Begin PBXSourcesBuildPhase section */
		8D67B9881E2D6C5E0081F608 /* Sources */ = {
			isa = PBXSourcesBuildPhase;
			buildActionMask = 2147483647;
			files = (
				8D67B9921E2D6C5E0081F608 /* ViewController.swift in Sources */,
				8D67B9A51E2EA62D0081F608 /* RestaurantViewController.swift in Sources */,
				8D67B9901E2D6C5E0081F608 /* AppDelegate.swift in Sources */,
				8D67B9A71E2EA6AB0081F608 /* RestaurantView.swift in Sources */,
				8D67B9981E2D6C5E0081F608 /* RestaurantIS.xcdatamodeld in Sources */,
				8D5274801E42CC9B00007A6D /* tableViewCell.swift in Sources */,
			);
			runOnlyForDeploymentPostprocessing = 0;
		};
/* End PBXSourcesBuildPhase section */

/* Begin PBXVariantGroup section */
		8D67B9931E2D6C5E0081F608 /* Main.storyboard */ = {
			isa = PBXVariantGroup;
			children = (
				8D67B9941E2D6C5E0081F608 /* Base */,
			);
			name = Main.storyboard;
			sourceTree = "<group>";
		};
		8D67B99B1E2D6C5E0081F608 /* LaunchScreen.storyboard */ = {
			isa = PBXVariantGroup;
			children = (
				8D67B99C1E2D6C5E0081F608 /* Base */,
			);
			name = LaunchScreen.storyboard;
			sourceTree = "<group>";
		};
/* End PBXVariantGroup section */

/* Begin XCBuildConfiguration section */
		8D67B99F1E2D6C5E0081F608 /* Debug */ = {
			isa = XCBuildConfiguration;
			buildSettings = {
				ALWAYS_SEARCH_USER_PATHS = NO;
				CLANG_ANALYZER_NONNULL = YES;
				CLANG_CXX_LANGUAGE_STANDARD = "gnu++0x";
				CLANG_CXX_LIBRARY = "libc++";
				CLANG_ENABLE_MODULES = YES;
				CLANG_ENABLE_OBJC_ARC = YES;
				CLANG_WARN_BOOL_CONVERSION = YES;
				CLANG_WARN_CONSTANT_CONVERSION = YES;
				CLANG_WARN_DIRECT_OBJC_ISA_USAGE = YES_ERROR;
				CLANG_WARN_DOCUMENTATION_COMMENTS = YES;
				CLANG_WARN_EMPTY_BODY = YES;
				CLANG_WARN_ENUM_CONVERSION = YES;
				CLANG_WARN_INFINITE_RECURSION = YES;
				CLANG_WARN_INT_CONVERSION = YES;
				CLANG_WARN_OBJC_ROOT_CLASS = YES_ERROR;
				CLANG_WARN_SUSPICIOUS_MOVE = YES;
				CLANG_WARN_UNREACHABLE_CODE = YES;
				CLANG_WARN__DUPLICATE_METHOD_MATCH = YES;
				"CODE_SIGN_IDENTITY[sdk=iphoneos*]" = "iPhone Developer";
				COPY_PHASE_STRIP = NO;
				DEBUG_INFORMATION_FORMAT = dwarf;
				ENABLE_STRICT_OBJC_MSGSEND = YES;
				ENABLE_TESTABILITY = YES;
				GCC_C_LANGUAGE_STANDARD = gnu99;
				GCC_DYNAMIC_NO_PIC = NO;
				GCC_NO_COMMON_BLOCKS = YES;
				GCC_OPTIMIZATION_LEVEL = 0;
				GCC_PREPROCESSOR_DEFINITIONS = (
					"DEBUG=1",
					"$(inherited)",
				);
				GCC_WARN_64_TO_32_BIT_CONVERSION = YES;
				GCC_WARN_ABOUT_RETURN_TYPE = YES_ERROR;
				GCC_WARN_UNDECLARED_SELECTOR = YES;
				GCC_WARN_UNINITIALIZED_AUTOS = YES_AGGRESSIVE;
				GCC_WARN_UNUSED_FUNCTION = YES;
				GCC_WARN_UNUSED_VARIABLE = YES;
				IPHONEOS_DEPLOYMENT_TARGET = 10.2;
				MTL_ENABLE_DEBUG_INFO = YES;
				ONLY_ACTIVE_ARCH = YES;
				SDKROOT = iphoneos;
				SWIFT_ACTIVE_COMPILATION_CONDITIONS = DEBUG;
				SWIFT_OPTIMIZATION_LEVEL = "-Onone";
			};
			name = Debug;
		};
		8D67B9A01E2D6C5E0081F608 /* Release */ = {
			isa = XCBuildConfiguration;
			buildSettings = {
				ALWAYS_SEARCH_USER_PATHS = NO;
				CLANG_ANALYZER_NONNULL = YES;
				CLANG_CXX_LANGUAGE_STANDARD = "gnu++0x";
				CLANG_CXX_LIBRARY = "libc++";
				CLANG_ENABLE_MODULES = YES;
				CLANG_ENABLE_OBJC_ARC = YES;
				CLANG_WARN_BOOL_CONVERSION = YES;
				CLANG_WARN_CONSTANT_CONVERSION = YES;
				CLANG_WARN_DIRECT_OBJC_ISA_USAGE = YES_ERROR;
				CLANG_WARN_DOCUMENTATION_COMMENTS = YES;
				CLANG_WARN_EMPTY_BODY = YES;
				CLANG_WARN_ENUM_CONVERSION = YES;
				CLANG_WARN_INFINITE_RECURSION = YES;
				CLANG_WARN_INT_CONVERSION = YES;
				CLANG_WARN_OBJC_ROOT_CLASS = YES_ERROR;
				CLANG_WARN_SUSPICIOUS_MOVE = YES;
				CLANG_WARN_UNREACHABLE_CODE = YES;
				CLANG_WARN__DUPLICATE_METHOD_MATCH = YES;
				"CODE_SIGN_IDENTITY[sdk=iphoneos*]" = "iPhone Developer";
				COPY_PHASE_STRIP = NO;
				DEBUG_INFORMATION_FORMAT = "dwarf-with-dsym";
				ENABLE_NS_ASSERTIONS = NO;
				ENABLE_STRICT_OBJC_MSGSEND = YES;
				GCC_C_LANGUAGE_STANDARD = gnu99;
				GCC_NO_COMMON_BLOCKS = YES;
				GCC_WARN_64_TO_32_BIT_CONVERSION = YES;
				GCC_WARN_ABOUT_RETURN_TYPE = YES_ERROR;
				GCC_WARN_UNDECLARED_SELECTOR = YES;
				GCC_WARN_UNINITIALIZED_AUTOS = YES_AGGRESSIVE;
				GCC_WARN_UNUSED_FUNCTION = YES;
				GCC_WARN_UNUSED_VARIABLE = YES;
				IPHONEOS_DEPLOYMENT_TARGET = 10.2;
				MTL_ENABLE_DEBUG_INFO = NO;
				SDKROOT = iphoneos;
				SWIFT_OPTIMIZATION_LEVEL = "-Owholemodule";
				VALIDATE_PRODUCT = YES;
			};
			name = Release;
		};
		8D67B9A21E2D6C5E0081F608 /* Debug */ = {
			isa = XCBuildConfiguration;
			buildSettings = {
				ASSETCATALOG_COMPILER_APPICON_NAME = AppIcon;
				DEVELOPMENT_TEAM = 9Y3JG6236H;
				INFOPLIST_FILE = RestaurantIS/Info.plist;
				LD_RUNPATH_SEARCH_PATHS = "$(inherited) @executable_path/Frameworks";
				PRODUCT_BUNDLE_IDENTIFIER = com.chapin.RestaurantIS;
				PRODUCT_NAME = "$(TARGET_NAME)";
				SWIFT_VERSION = 3.0;
				TARGETED_DEVICE_FAMILY = 1;
			};
			name = Debug;
		};
		8D67B9A31E2D6C5E0081F608 /* Release */ = {
			isa = XCBuildConfiguration;
			buildSettings = {
				ASSETCATALOG_COMPILER_APPICON_NAME = AppIcon;
				DEVELOPMENT_TEAM = 9Y3JG6236H;
				INFOPLIST_FILE = RestaurantIS/Info.plist;
				LD_RUNPATH_SEARCH_PATHS = "$(inherited) @executable_path/Frameworks";
				PRODUCT_BUNDLE_IDENTIFIER = com.chapin.RestaurantIS;
				PRODUCT_NAME = "$(TARGET_NAME)";
				SWIFT_VERSION = 3.0;
				TARGETED_DEVICE_FAMILY = 1;
			};
			name = Release;
		};
/* End XCBuildConfiguration section */

/* Begin XCConfigurationList section */
		8D67B9871E2D6C5E0081F608 /* Build configuration list for PBXProject "RestaurantIS" */ = {
			isa = XCConfigurationList;
			buildConfigurations = (
				8D67B99F1E2D6C5E0081F608 /* Debug */,
				8D67B9A01E2D6C5E0081F608 /* Release */,
			);
			defaultConfigurationIsVisible = 0;
			defaultConfigurationName = Release;
		};
		8D67B9A11E2D6C5E0081F608 /* Build configuration list for PBXNativeTarget "RestaurantIS" */ = {
			isa = XCConfigurationList;
			buildConfigurations = (
				8D67B9A21E2D6C5E0081F608 /* Debug */,
				8D67B9A31E2D6C5E0081F608 /* Release */,
			);
			defaultConfigurationIsVisible = 0;
			defaultConfigurationName = Release;
		};
/* End XCConfigurationList section */

/* Begin XCVersionGroup section */
		8D67B9961E2D6C5E0081F608 /* RestaurantIS.xcdatamodeld */ = {
			isa = XCVersionGroup;
			children = (
				8D67B9971E2D6C5E0081F608 /* RestaurantIS.xcdatamodel */,
			);
			currentVersion = 8D67B9971E2D6C5E0081F608 /* RestaurantIS.xcdatamodel */;
			path = RestaurantIS.xcdatamodeld;
			sourceTree = "<group>";
			versionGroupType = wrapper.xcdatamodel;
		};
/* End XCVersionGroup section */
	};
	rootObject = 8D67B9841E2D6C5E0081F608 /* Project object */;
}
